
Microsoft Visual Studio Solution File, Format Version 12.00
# Visual Studio 15
Project("{FAE04EC0-301F-11D3-BF4B-00C04F79EFBC}") = "Assembly-CSharp-firstpass", "Assembly-CSharp-firstpass.csproj", "{9571478B-45B2-CDE3-3D61-BE0531326C16}"
EndProject
Project("{FAE04EC0-301F-11D3-BF4B-00C04F79EFBC}") = "Assembly-CSharp", "Assembly-CSharp.csproj", "{491D6DB1-39A6-4660-4C84-5A642904A3B2}"
EndProject
Project("{FAE04EC0-301F-11D3-BF4B-00C04F79EFBC}") = "Assembly-CSharp-Editor-firstpass", "Assembly-CSharp-Editor-firstpass.csproj", "{65970D9D-B909-FC03-F67C-57385F0651AD}"
EndProject
Project("{FAE04EC0-301F-11D3-BF4B-00C04F79EFBC}") = "Assembly-CSharp-Editor", "Assembly-CSharp-Editor.csproj", "{C7424E48-D7E4-DCD1-9A5F-B8782F40E95D}"
EndProject
Global
	GlobalSection(SolutionConfigurationPlatforms) = preSolution
		Debug|Any CPU = Debug|Any CPU
		Release|Any CPU = Release|Any CPU
	EndGlobalSection
	GlobalSection(ProjectConfigurationPlatforms) = postSolution
		{9571478B-45B2-CDE3-3D61-BE0531326C16}.Debug|Any CPU.ActiveCfg = Debug|Any CPU
		{9571478B-45B2-CDE3-3D61-BE0531326C16}.Debug|Any CPU.Build.0 = Debug|Any CPU
		{9571478B-45B2-CDE3-3D61-BE0531326C16}.Release|Any CPU.ActiveCfg = Release|Any CPU
		{9571478B-45B2-CDE3-3D61-BE0531326C16}.Release|Any CPU.Build.0 = Release|Any CPU
		{491D6DB1-39A6-4660-4C84-5A642904A3B2}.Debug|Any CPU.ActiveCfg = Debug|Any CPU
		{491D6DB1-39A6-4660-4C84-5A642904A3B2}.Debug|Any CPU.Build.0 = Debug|Any CPU
		{491D6DB1-39A6-4660-4C84-5A642904A3B2}.Release|Any CPU.ActiveCfg = Release|Any CPU
		{491D6DB1-39A6-4660-4C84-5A642904A3B2}.Release|Any CPU.Build.0 = Release|Any CPU
		{65970D9D-B909-FC03-F67C-57385F0651AD}.Debug|Any CPU.ActiveCfg = Debug|Any CPU
		{65970D9D-B909-FC03-F67C-57385F0651AD}.Debug|Any CPU.Build.0 = Debug|Any CPU
		{65970D9D-B909-FC03-F67C-57385F0651AD}.Release|Any CPU.ActiveCfg = Release|Any CPU
		{65970D9D-B909-FC03-F67C-57385F0651AD}.Release|Any CPU.Build.0 = Release|Any CPU
		{C7424E48-D7E4-DCD1-9A5F-B8782F40E95D}.Debug|Any CPU.ActiveCfg = Debug|Any CPU
		{C7424E48-D7E4-DCD1-9A5F-B8782F40E95D}.Debug|Any CPU.Build.0 = Debug|Any CPU
		{C7424E48-D7E4-DCD1-9A5F-B8782F40E95D}.Release|Any CPU.ActiveCfg = Release|Any CPU
		{C7424E48-D7E4-DCD1-9A5F-B8782F40E95D}.Release|Any CPU.Build.0 = Release|Any CPU
	EndGlobalSection
	GlobalSection(SolutionProperties) = preSolution
		HideSolutionNode = FALSE
	EndGlobalSection
EndGlobal
