
Microsoft Visual Studio Solution File, Format Version 12.00
# Visual Studio 15
Project("{FAE04EC0-301F-11D3-BF4B-00C04F79EFBC}") = "Assembly-CSharp-firstpass", "Assembly-CSharp-firstpass.csproj", "{DC8ACAC1-340A-86AF-122D-B7B4522A8151}"
EndProject
Project("{FAE04EC0-301F-11D3-BF4B-00C04F79EFBC}") = "Assembly-CSharp", "Assembly-CSharp.csproj", "{BD01E30D-AFAB-F884-8D20-8958704B654A}"
EndProject
Project("{FAE04EC0-301F-11D3-BF4B-00C04F79EFBC}") = "Assembly-CSharp-Editor-firstpass", "Assembly-CSharp-Editor-firstpass.csproj", "{6C0E866C-0F8A-ED02-60A1-B27FA3706559}"
EndProject
Global
	GlobalSection(SolutionConfigurationPlatforms) = preSolution
		Debug|Any CPU = Debug|Any CPU
		Release|Any CPU = Release|Any CPU
	EndGlobalSection
	GlobalSection(ProjectConfigurationPlatforms) = postSolution
		{DC8ACAC1-340A-86AF-122D-B7B4522A8151}.Debug|Any CPU.ActiveCfg = Debug|Any CPU
		{DC8ACAC1-340A-86AF-122D-B7B4522A8151}.Debug|Any CPU.Build.0 = Debug|Any CPU
		{DC8ACAC1-340A-86AF-122D-B7B4522A8151}.Release|Any CPU.ActiveCfg = Release|Any CPU
		{DC8ACAC1-340A-86AF-122D-B7B4522A8151}.Release|Any CPU.Build.0 = Release|Any CPU
		{BD01E30D-AFAB-F884-8D20-8958704B654A}.Debug|Any CPU.ActiveCfg = Debug|Any CPU
		{BD01E30D-AFAB-F884-8D20-8958704B654A}.Debug|Any CPU.Build.0 = Debug|Any CPU
		{BD01E30D-AFAB-F884-8D20-8958704B654A}.Release|Any CPU.ActiveCfg = Release|Any CPU
		{BD01E30D-AFAB-F884-8D20-8958704B654A}.Release|Any CPU.Build.0 = Release|Any CPU
		{6C0E866C-0F8A-ED02-60A1-B27FA3706559}.Debug|Any CPU.ActiveCfg = Debug|Any CPU
		{6C0E866C-0F8A-ED02-60A1-B27FA3706559}.Debug|Any CPU.Build.0 = Debug|Any CPU
		{6C0E866C-0F8A-ED02-60A1-B27FA3706559}.Release|Any CPU.ActiveCfg = Release|Any CPU
		{6C0E866C-0F8A-ED02-60A1-B27FA3706559}.Release|Any CPU.Build.0 = Release|Any CPU
	EndGlobalSection
	GlobalSection(SolutionProperties) = preSolution
		HideSolutionNode = FALSE
	EndGlobalSection
EndGlobal
